
Microsoft Visual Studio Solution File, Format Version 12.00
# Visual Studio Version 16
VisualStudioVersion = 16.0.30523.141
MinimumVisualStudioVersion = 10.0.40219.1
Project("{FAE04EC0-301F-11D3-BF4B-00C04F79EFBC}") = "EjercicioSuperHeroesTriggers", "EjercicioSuperHeroesTriggers\EjercicioSuperHeroesTriggers.csproj", "{B8CB1EDA-05F1-4ECC-A22A-9D85C08A9EBE}"
EndProject
Global
	GlobalSection(SolutionConfigurationPlatforms) = preSolution
		Debug|Any CPU = Debug|Any CPU
		Release|Any CPU = Release|Any CPU
	EndGlobalSection
	GlobalSection(ProjectConfigurationPlatforms) = postSolution
		{B8CB1EDA-05F1-4ECC-A22A-9D85C08A9EBE}.Debug|Any CPU.ActiveCfg = Debug|Any CPU
		{B8CB1EDA-05F1-4ECC-A22A-9D85C08A9EBE}.Debug|Any CPU.Build.0 = Debug|Any CPU
		{B8CB1EDA-05F1-4ECC-A22A-9D85C08A9EBE}.Release|Any CPU.ActiveCfg = Release|Any CPU
		{B8CB1EDA-05F1-4ECC-A22A-9D85C08A9EBE}.Release|Any CPU.Build.0 = Release|Any CPU
	EndGlobalSection
	GlobalSection(SolutionProperties) = preSolution
		HideSolutionNode = FALSE
	EndGlobalSection
	GlobalSection(ExtensibilityGlobals) = postSolution
		SolutionGuid = {4B38B562-D6F9-4363-B5FC-9511CBBA0F23}
	EndGlobalSection
EndGlobal
